
Microsoft Visual Studio Solution File, Format Version 12.00
# Visual Studio Version 17
VisualStudioVersion = 17.5.002.0
MinimumVisualStudioVersion = 10.0.40219.1
Project("{9A19103F-16F7-4668-BE54-9A1E7A4F7556}") = "PBI-Tool", "PBI-Tool\PBI-Tool.csproj", "{808D33BE-FEFB-4F8B-B886-6AD5E714152B}"
EndProject
Global
	GlobalSection(SolutionConfigurationPlatforms) = preSolution
		Debug|Any CPU = Debug|Any CPU
		Release|Any CPU = Release|Any CPU
	EndGlobalSection
	GlobalSection(ProjectConfigurationPlatforms) = postSolution
		{808D33BE-FEFB-4F8B-B886-6AD5E714152B}.Debug|Any CPU.ActiveCfg = Debug|Any CPU
		{808D33BE-FEFB-4F8B-B886-6AD5E714152B}.Debug|Any CPU.Build.0 = Debug|Any CPU
		{808D33BE-FEFB-4F8B-B886-6AD5E714152B}.Release|Any CPU.ActiveCfg = Release|Any CPU
		{808D33BE-FEFB-4F8B-B886-6AD5E714152B}.Release|Any CPU.Build.0 = Release|Any CPU
	EndGlobalSection
	GlobalSection(SolutionProperties) = preSolution
		HideSolutionNode = FALSE
	EndGlobalSection
	GlobalSection(ExtensibilityGlobals) = postSolution
		SolutionGuid = {567FA20B-65A1-4306-BF2E-B83F750A34A1}
	EndGlobalSection
EndGlobal
